// !$*UTF8*$!
{
	archiveVersion = 1;
	classes = {
	};
	objectVersion = 56;
	objects = {

/* Begin PBXBuildFile section */
		C10000000000000000000001 /* OTToolkitApp.swift in Sources */ = {isa = PBXBuildFile; fileRef = B10000000000000000000001 /* OTToolkitApp.swift */; };
		C10000000000000000000002 /* AppLaunchOptions.swift in Sources */ = {isa = PBXBuildFile; fileRef = B10000000000000000000002 /* AppLaunchOptions.swift */; };
		C10000000000000000000003 /* HomeView.swift in Sources */ = {isa = PBXBuildFile; fileRef = B10000000000000000000003 /* HomeView.swift */; };
		C10000000000000000000004 /* Assets.xcassets in Resources */ = {isa = PBXBuildFile; fileRef = B10000000000000000000004 /* Assets.xcassets */; };
		C10000000000000000000005 /* Localizable.xcstrings in Resources */ = {isa = PBXBuildFile; fileRef = B10000000000000000000005 /* Localizable.xcstrings */; };
		C10000000000000000000006 /* PrivacyInfo.xcprivacy in Resources */ = {isa = PBXBuildFile; fileRef = B10000000000000000000006 /* PrivacyInfo.xcprivacy */; };
		C10000000000000000000007 /* AppLaunchOptionsTests.swift in Sources */ = {isa = PBXBuildFile; fileRef = B10000000000000000000007 /* AppLaunchOptionsTests.swift */; };
		C10000000000000000000008 /* AppLaunchUITests.swift in Sources */ = {isa = PBXBuildFile; fileRef = B10000000000000000000008 /* AppLaunchUITests.swift */; };
		C10000000000000000000009 /* VisualTimerClock.swift in Sources */ = {isa = PBXBuildFile; fileRef = B1000000000000000000000A /* VisualTimerClock.swift */; };
		C1000000000000000000000A /* VisualTimerStateMachine.swift in Sources */ = {isa = PBXBuildFile; fileRef = B1000000000000000000000B /* VisualTimerStateMachine.swift */; };
		C1000000000000000000000B /* VisualTimerStateMachineTests.swift in Sources */ = {isa = PBXBuildFile; fileRef = B1000000000000000000000C /* VisualTimerStateMachineTests.swift */; };
		C1000000000000000000000C /* OTSpacing.swift in Sources */ = {isa = PBXBuildFile; fileRef = B1000000000000000000000D /* OTSpacing.swift */; };
		C1000000000000000000000D /* OTRadius.swift in Sources */ = {isa = PBXBuildFile; fileRef = B1000000000000000000000E /* OTRadius.swift */; };
		C1000000000000000000000E /* OTTypography.swift in Sources */ = {isa = PBXBuildFile; fileRef = B1000000000000000000000F /* OTTypography.swift */; };
		C1000000000000000000000F /* OTColor.swift in Sources */ = {isa = PBXBuildFile; fileRef = B10000000000000000000010 /* OTColor.swift */; };
		C10000000000000000000010 /* OTInteractiveTarget.swift in Sources */ = {isa = PBXBuildFile; fileRef = B10000000000000000000011 /* OTInteractiveTarget.swift */; };
		C10000000000000000000011 /* OTAccessibilityPreferences.swift in Sources */ = {isa = PBXBuildFile; fileRef = B10000000000000000000012 /* OTAccessibilityPreferences.swift */; };
		C10000000000000000000012 /* DesignTokenTests.swift in Sources */ = {isa = PBXBuildFile; fileRef = B10000000000000000000013 /* DesignTokenTests.swift */; };
		C10000000000000000000013 /* SemanticColorTests.swift in Sources */ = {isa = PBXBuildFile; fileRef = B10000000000000000000014 /* SemanticColorTests.swift */; };
		C10000000000000000000014 /* AccessibilityPreferencesTests.swift in Sources */ = {isa = PBXBuildFile; fileRef = B10000000000000000000015 /* AccessibilityPreferencesTests.swift */; };
		C10000000000000000000015 /* AccessibilityTestSupport.swift in Sources */ = {isa = PBXBuildFile; fileRef = B10000000000000000000016 /* AccessibilityTestSupport.swift */; };
		C10000000000000000000016 /* AppNavigation.swift in Sources */ = {isa = PBXBuildFile; fileRef = B10000000000000000000017 /* AppNavigation.swift */; };
		C10000000000000000000017 /* AppShellView.swift in Sources */ = {isa = PBXBuildFile; fileRef = B10000000000000000000018 /* AppShellView.swift */; };
		C10000000000000000000018 /* PrivacyCoverView.swift in Sources */ = {isa = PBXBuildFile; fileRef = B10000000000000000000019 /* PrivacyCoverView.swift */; };
		C10000000000000000000019 /* ChildFacingContainer.swift in Sources */ = {isa = PBXBuildFile; fileRef = B1000000000000000000001A /* ChildFacingContainer.swift */; };
		C1000000000000000000001A /* OTAdultExitControl.swift in Sources */ = {isa = PBXBuildFile; fileRef = B1000000000000000000001B /* OTAdultExitControl.swift */; };
		C1000000000000000000001B /* AppNavigationStateTests.swift in Sources */ = {isa = PBXBuildFile; fileRef = B1000000000000000000001C /* AppNavigationStateTests.swift */; };
		C1000000000000000000001C /* AdaptiveNavigationUITests.swift in Sources */ = {isa = PBXBuildFile; fileRef = B1000000000000000000001D /* AdaptiveNavigationUITests.swift */; };
		C1000000000000000000001D /* VisualTimerController.swift in Sources */ = {isa = PBXBuildFile; fileRef = B1000000000000000000001E /* VisualTimerController.swift */; };
		C1000000000000000000001E /* VisualTimerView.swift in Sources */ = {isa = PBXBuildFile; fileRef = B1000000000000000000001F /* VisualTimerView.swift */; };
		C1000000000000000000001F /* VisualTimerControllerTests.swift in Sources */ = {isa = PBXBuildFile; fileRef = B10000000000000000000020 /* VisualTimerControllerTests.swift */; };
		C10000000000000000000020 /* VisualTimerUITests.swift in Sources */ = {isa = PBXBuildFile; fileRef = B10000000000000000000021 /* VisualTimerUITests.swift */; };
		C10000000000000000000021 /* VisualTimerRuntimeCoordinator.swift in Sources */ = {isa = PBXBuildFile; fileRef = B10000000000000000000022 /* VisualTimerRuntimeCoordinator.swift */; };
		C10000000000000000000022 /* VisualTimerRuntimeCoordinatorTests.swift in Sources */ = {isa = PBXBuildFile; fileRef = B10000000000000000000023 /* VisualTimerRuntimeCoordinatorTests.swift */; };
		C40000000000000000000001 /* LocalStoreFileSystem.swift in Sources */ = {isa = PBXBuildFile; fileRef = B40000000000000000000001 /* LocalStoreFileSystem.swift */; };
		C40000000000000000000002 /* LocalStoreContainerLifecycle.swift in Sources */ = {isa = PBXBuildFile; fileRef = B40000000000000000000002 /* LocalStoreContainerLifecycle.swift */; };
		C40000000000000000000003 /* LocalStoreFileSystemTests.swift in Sources */ = {isa = PBXBuildFile; fileRef = B40000000000000000000003 /* LocalStoreFileSystemTests.swift */; };
		C40000000000000000000004 /* LocalStoreContainerLifecycleTests.swift in Sources */ = {isa = PBXBuildFile; fileRef = B40000000000000000000004 /* LocalStoreContainerLifecycleTests.swift */; };
		C40000000000000000000005 /* AppDataController.swift in Sources */ = {isa = PBXBuildFile; fileRef = B40000000000000000000005 /* AppDataController.swift */; };
		C40000000000000000000006 /* PersistenceRecoveryView.swift in Sources */ = {isa = PBXBuildFile; fileRef = B40000000000000000000006 /* PersistenceRecoveryView.swift */; };
		C40000000000000000000007 /* AppDataControllerTests.swift in Sources */ = {isa = PBXBuildFile; fileRef = B40000000000000000000007 /* AppDataControllerTests.swift */; };
		C50000000000000000000001 /* FirstThenSchemaV1.swift in Sources */ = {isa = PBXBuildFile; fileRef = B50000000000000000000001 /* FirstThenSchemaV1.swift */; };
		C50000000000000000000002 /* OTToolkitSchemaMigrationPlan.swift in Sources */ = {isa = PBXBuildFile; fileRef = B50000000000000000000002 /* OTToolkitSchemaMigrationPlan.swift */; };
		C50000000000000000000003 /* FirstThenBoardStore.swift in Sources */ = {isa = PBXBuildFile; fileRef = B50000000000000000000003 /* FirstThenBoardStore.swift */; };
		C50000000000000000000004 /* FirstThenBoardStoreTests.swift in Sources */ = {isa = PBXBuildFile; fileRef = B50000000000000000000004 /* FirstThenBoardStoreTests.swift */; };
		C50000000000000000000005 /* FirstThenBoardController.swift in Sources */ = {isa = PBXBuildFile; fileRef = B50000000000000000000005 /* FirstThenBoardController.swift */; };
		C50000000000000000000006 /* FirstThenBoardControllerTests.swift in Sources */ = {isa = PBXBuildFile; fileRef = B50000000000000000000006 /* FirstThenBoardControllerTests.swift */; };
		C50000000000000000000007 /* FirstThenBoardsView.swift in Sources */ = {isa = PBXBuildFile; fileRef = B50000000000000000000007 /* FirstThenBoardsView.swift */; };
		C50000000000000000000008 /* FirstThenBoardUITests.swift in Sources */ = {isa = PBXBuildFile; fileRef = B50000000000000000000008 /* FirstThenBoardUITests.swift */; };
/* End PBXBuildFile section */

/* Begin PBXContainerItemProxy section */
		F10000000000000000000001 /* PBXContainerItemProxy */ = {
			isa = PBXContainerItemProxy;
			containerPortal = A10000000000000000000001 /* Project object */;
			proxyType = 1;
			remoteGlobalIDString = E10000000000000000000001;
			remoteInfo = OTToolkit;
		};
		F10000000000000000000002 /* PBXContainerItemProxy */ = {
			isa = PBXContainerItemProxy;
			containerPortal = A10000000000000000000001 /* Project object */;
			proxyType = 1;
			remoteGlobalIDString = E10000000000000000000001;
			remoteInfo = OTToolkit;
		};
/* End PBXContainerItemProxy section */

/* Begin PBXFileReference section */
		B10000000000000000000001 /* OTToolkitApp.swift */ = {isa = PBXFileReference; lastKnownFileType = sourcecode.swift; path = OTToolkitApp.swift; sourceTree = "<group>"; };
		B10000000000000000000002 /* AppLaunchOptions.swift */ = {isa = PBXFileReference; lastKnownFileType = sourcecode.swift; path = AppLaunchOptions.swift; sourceTree = "<group>"; };
		B10000000000000000000003 /* HomeView.swift */ = {isa = PBXFileReference; lastKnownFileType = sourcecode.swift; path = HomeView.swift; sourceTree = "<group>"; };
		B10000000000000000000004 /* Assets.xcassets */ = {isa = PBXFileReference; lastKnownFileType = folder.assetcatalog; path = Assets.xcassets; sourceTree = "<group>"; };
		B10000000000000000000005 /* Localizable.xcstrings */ = {isa = PBXFileReference; lastKnownFileType = text.json.xcstrings; path = Localizable.xcstrings; sourceTree = "<group>"; };
		B10000000000000000000006 /* PrivacyInfo.xcprivacy */ = {isa = PBXFileReference; lastKnownFileType = text.xml; path = PrivacyInfo.xcprivacy; sourceTree = "<group>"; };
		B10000000000000000000007 /* AppLaunchOptionsTests.swift */ = {isa = PBXFileReference; lastKnownFileType = sourcecode.swift; path = AppLaunchOptionsTests.swift; sourceTree = "<group>"; };
		B10000000000000000000008 /* AppLaunchUITests.swift */ = {isa = PBXFileReference; lastKnownFileType = sourcecode.swift; path = AppLaunchUITests.swift; sourceTree = "<group>"; };
		B10000000000000000000009 /* OTToolkit.xctestplan */ = {isa = PBXFileReference; lastKnownFileType = text; path = OTToolkit.xctestplan; sourceTree = "<group>"; };
		B1000000000000000000000A /* VisualTimerClock.swift */ = {isa = PBXFileReference; lastKnownFileType = sourcecode.swift; path = VisualTimerClock.swift; sourceTree = "<group>"; };
		B1000000000000000000000B /* VisualTimerStateMachine.swift */ = {isa = PBXFileReference; lastKnownFileType = sourcecode.swift; path = VisualTimerStateMachine.swift; sourceTree = "<group>"; };
		B1000000000000000000000C /* VisualTimerStateMachineTests.swift */ = {isa = PBXFileReference; lastKnownFileType = sourcecode.swift; path = VisualTimerStateMachineTests.swift; sourceTree = "<group>"; };
		B1000000000000000000000D /* OTSpacing.swift */ = {isa = PBXFileReference; lastKnownFileType = sourcecode.swift; path = OTSpacing.swift; sourceTree = "<group>"; };
		B1000000000000000000000E /* OTRadius.swift */ = {isa = PBXFileReference; lastKnownFileType = sourcecode.swift; path = OTRadius.swift; sourceTree = "<group>"; };
		B1000000000000000000000F /* OTTypography.swift */ = {isa = PBXFileReference; lastKnownFileType = sourcecode.swift; path = OTTypography.swift; sourceTree = "<group>"; };
		B10000000000000000000010 /* OTColor.swift */ = {isa = PBXFileReference; lastKnownFileType = sourcecode.swift; path = OTColor.swift; sourceTree = "<group>"; };
		B10000000000000000000011 /* OTInteractiveTarget.swift */ = {isa = PBXFileReference; lastKnownFileType = sourcecode.swift; path = OTInteractiveTarget.swift; sourceTree = "<group>"; };
		B10000000000000000000012 /* OTAccessibilityPreferences.swift */ = {isa = PBXFileReference; lastKnownFileType = sourcecode.swift; path = OTAccessibilityPreferences.swift; sourceTree = "<group>"; };
		B10000000000000000000013 /* DesignTokenTests.swift */ = {isa = PBXFileReference; lastKnownFileType = sourcecode.swift; path = DesignTokenTests.swift; sourceTree = "<group>"; };
		B10000000000000000000014 /* SemanticColorTests.swift */ = {isa = PBXFileReference; lastKnownFileType = sourcecode.swift; path = SemanticColorTests.swift; sourceTree = "<group>"; };
		B10000000000000000000015 /* AccessibilityPreferencesTests.swift */ = {isa = PBXFileReference; lastKnownFileType = sourcecode.swift; path = AccessibilityPreferencesTests.swift; sourceTree = "<group>"; };
		B10000000000000000000016 /* AccessibilityTestSupport.swift */ = {isa = PBXFileReference; lastKnownFileType = sourcecode.swift; path = AccessibilityTestSupport.swift; sourceTree = "<group>"; };
		B10000000000000000000017 /* AppNavigation.swift */ = {isa = PBXFileReference; lastKnownFileType = sourcecode.swift; path = AppNavigation.swift; sourceTree = "<group>"; };
		B10000000000000000000018 /* AppShellView.swift */ = {isa = PBXFileReference; lastKnownFileType = sourcecode.swift; path = AppShellView.swift; sourceTree = "<group>"; };
		B10000000000000000000019 /* PrivacyCoverView.swift */ = {isa = PBXFileReference; lastKnownFileType = sourcecode.swift; path = PrivacyCoverView.swift; sourceTree = "<group>"; };
		B1000000000000000000001A /* ChildFacingContainer.swift */ = {isa = PBXFileReference; lastKnownFileType = sourcecode.swift; path = ChildFacingContainer.swift; sourceTree = "<group>"; };
		B1000000000000000000001B /* OTAdultExitControl.swift */ = {isa = PBXFileReference; lastKnownFileType = sourcecode.swift; path = OTAdultExitControl.swift; sourceTree = "<group>"; };
		B1000000000000000000001C /* AppNavigationStateTests.swift */ = {isa = PBXFileReference; lastKnownFileType = sourcecode.swift; path = AppNavigationStateTests.swift; sourceTree = "<group>"; };
		B1000000000000000000001D /* AdaptiveNavigationUITests.swift */ = {isa = PBXFileReference; lastKnownFileType = sourcecode.swift; path = AdaptiveNavigationUITests.swift; sourceTree = "<group>"; };
		B1000000000000000000001E /* VisualTimerController.swift */ = {isa = PBXFileReference; lastKnownFileType = sourcecode.swift; path = VisualTimerController.swift; sourceTree = "<group>"; };
		B1000000000000000000001F /* VisualTimerView.swift */ = {isa = PBXFileReference; lastKnownFileType = sourcecode.swift; path = VisualTimerView.swift; sourceTree = "<group>"; };
		B10000000000000000000020 /* VisualTimerControllerTests.swift */ = {isa = PBXFileReference; lastKnownFileType = sourcecode.swift; path = VisualTimerControllerTests.swift; sourceTree = "<group>"; };
		B10000000000000000000021 /* VisualTimerUITests.swift */ = {isa = PBXFileReference; lastKnownFileType = sourcecode.swift; path = VisualTimerUITests.swift; sourceTree = "<group>"; };
		B10000000000000000000022 /* VisualTimerRuntimeCoordinator.swift */ = {isa = PBXFileReference; lastKnownFileType = sourcecode.swift; path = VisualTimerRuntimeCoordinator.swift; sourceTree = "<group>"; };
		B10000000000000000000023 /* VisualTimerRuntimeCoordinatorTests.swift */ = {isa = PBXFileReference; lastKnownFileType = sourcecode.swift; path = VisualTimerRuntimeCoordinatorTests.swift; sourceTree = "<group>"; };
		B40000000000000000000001 /* LocalStoreFileSystem.swift */ = {isa = PBXFileReference; lastKnownFileType = sourcecode.swift; path = LocalStoreFileSystem.swift; sourceTree = "<group>"; };
		B40000000000000000000002 /* LocalStoreContainerLifecycle.swift */ = {isa = PBXFileReference; lastKnownFileType = sourcecode.swift; path = LocalStoreContainerLifecycle.swift; sourceTree = "<group>"; };
		B40000000000000000000003 /* LocalStoreFileSystemTests.swift */ = {isa = PBXFileReference; lastKnownFileType = sourcecode.swift; path = LocalStoreFileSystemTests.swift; sourceTree = "<group>"; };
		B40000000000000000000004 /* LocalStoreContainerLifecycleTests.swift */ = {isa = PBXFileReference; lastKnownFileType = sourcecode.swift; path = LocalStoreContainerLifecycleTests.swift; sourceTree = "<group>"; };
		B40000000000000000000005 /* AppDataController.swift */ = {isa = PBXFileReference; lastKnownFileType = sourcecode.swift; path = AppDataController.swift; sourceTree = "<group>"; };
		B40000000000000000000006 /* PersistenceRecoveryView.swift */ = {isa = PBXFileReference; lastKnownFileType = sourcecode.swift; path = PersistenceRecoveryView.swift; sourceTree = "<group>"; };
		B40000000000000000000007 /* AppDataControllerTests.swift */ = {isa = PBXFileReference; lastKnownFileType = sourcecode.swift; path = AppDataControllerTests.swift; sourceTree = "<group>"; };
		B50000000000000000000001 /* FirstThenSchemaV1.swift */ = {isa = PBXFileReference; lastKnownFileType = sourcecode.swift; path = FirstThenSchemaV1.swift; sourceTree = "<group>"; };
		B50000000000000000000002 /* OTToolkitSchemaMigrationPlan.swift */ = {isa = PBXFileReference; lastKnownFileType = sourcecode.swift; path = OTToolkitSchemaMigrationPlan.swift; sourceTree = "<group>"; };
		B50000000000000000000003 /* FirstThenBoardStore.swift */ = {isa = PBXFileReference; lastKnownFileType = sourcecode.swift; path = FirstThenBoardStore.swift; sourceTree = "<group>"; };
		B50000000000000000000004 /* FirstThenBoardStoreTests.swift */ = {isa = PBXFileReference; lastKnownFileType = sourcecode.swift; path = FirstThenBoardStoreTests.swift; sourceTree = "<group>"; };
		B50000000000000000000005 /* FirstThenBoardController.swift */ = {isa = PBXFileReference; lastKnownFileType = sourcecode.swift; path = FirstThenBoardController.swift; sourceTree = "<group>"; };
		B50000000000000000000006 /* FirstThenBoardControllerTests.swift */ = {isa = PBXFileReference; lastKnownFileType = sourcecode.swift; path = FirstThenBoardControllerTests.swift; sourceTree = "<group>"; };
		B50000000000000000000007 /* FirstThenBoardsView.swift */ = {isa = PBXFileReference; lastKnownFileType = sourcecode.swift; path = FirstThenBoardsView.swift; sourceTree = "<group>"; };
		B50000000000000000000008 /* FirstThenBoardUITests.swift */ = {isa = PBXFileReference; lastKnownFileType = sourcecode.swift; path = FirstThenBoardUITests.swift; sourceTree = "<group>"; };
		B20000000000000000000001 /* OTToolkit.app */ = {isa = PBXFileReference; explicitFileType = wrapper.application; includeInIndex = 0; path = OTToolkit.app; sourceTree = BUILT_PRODUCTS_DIR; };
		B20000000000000000000002 /* OTToolkitTests.xctest */ = {isa = PBXFileReference; explicitFileType = wrapper.cfbundle; includeInIndex = 0; path = OTToolkitTests.xctest; sourceTree = BUILT_PRODUCTS_DIR; };
		B20000000000000000000003 /* OTToolkitUITests.xctest */ = {isa = PBXFileReference; explicitFileType = wrapper.cfbundle; includeInIndex = 0; path = OTToolkitUITests.xctest; sourceTree = BUILT_PRODUCTS_DIR; };
/* End PBXFileReference section */

/* Begin PBXFrameworksBuildPhase section */
		D10000000000000000000002 /* Frameworks */ = {
			isa = PBXFrameworksBuildPhase;
			buildActionMask = 2147483647;
			files = (
			);
			runOnlyForDeploymentPostprocessing = 0;
		};
		D20000000000000000000002 /* Frameworks */ = {
			isa = PBXFrameworksBuildPhase;
			buildActionMask = 2147483647;
			files = (
			);
			runOnlyForDeploymentPostprocessing = 0;
		};
		D30000000000000000000002 /* Frameworks */ = {
			isa = PBXFrameworksBuildPhase;
			buildActionMask = 2147483647;
			files = (
			);
			runOnlyForDeploymentPostprocessing = 0;
		};
/* End PBXFrameworksBuildPhase section */

/* Begin PBXGroup section */
		A10000000000000000000002 = {
			isa = PBXGroup;
			children = (
				A10000000000000000000004 /* OTToolkit */,
				A10000000000000000000009 /* OTToolkitTests */,
				A1000000000000000000000B /* OTToolkitUITests */,
				B10000000000000000000009 /* OTToolkit.xctestplan */,
				A10000000000000000000003 /* Products */,
			);
			sourceTree = "<group>";
		};
		A10000000000000000000003 /* Products */ = {
			isa = PBXGroup;
			children = (
				B20000000000000000000001 /* OTToolkit.app */,
				B20000000000000000000002 /* OTToolkitTests.xctest */,
				B20000000000000000000003 /* OTToolkitUITests.xctest */,
			);
			name = Products;
			sourceTree = "<group>";
		};
		A10000000000000000000004 /* OTToolkit */ = {
			isa = PBXGroup;
			children = (
				A10000000000000000000005 /* App */,
				A10000000000000000000012 /* Core */,
				A10000000000000000000006 /* Features */,
				A10000000000000000000008 /* Resources */,
			);
			path = OTToolkit;
			sourceTree = "<group>";
		};
		A10000000000000000000005 /* App */ = {
			isa = PBXGroup;
			children = (
				B10000000000000000000017 /* AppNavigation.swift */,
				B10000000000000000000018 /* AppShellView.swift */,
				B10000000000000000000001 /* OTToolkitApp.swift */,
				B10000000000000000000002 /* AppLaunchOptions.swift */,
				B1000000000000000000001A /* ChildFacingContainer.swift */,
				B40000000000000000000006 /* PersistenceRecoveryView.swift */,
				B10000000000000000000019 /* PrivacyCoverView.swift */,
			);
			path = App;
			sourceTree = "<group>";
		};
		A10000000000000000000006 /* Features */ = {
			isa = PBXGroup;
			children = (
				A50000000000000000000001 /* FirstThen */,
				A10000000000000000000007 /* Home */,
				A1000000000000000000000D /* VisualTimer */,
			);
			path = Features;
			sourceTree = "<group>";
		};
		A10000000000000000000007 /* Home */ = {
			isa = PBXGroup;
			children = (
				B10000000000000000000003 /* HomeView.swift */,
			);
			path = Home;
			sourceTree = "<group>";
		};
		A50000000000000000000001 /* FirstThen */ = {
			isa = PBXGroup;
			children = (
				A50000000000000000000002 /* Persistence */,
				A50000000000000000000005 /* Presentation */,
			);
			path = FirstThen;
			sourceTree = "<group>";
		};
		A50000000000000000000002 /* Persistence */ = {
			isa = PBXGroup;
			children = (
				B50000000000000000000003 /* FirstThenBoardStore.swift */,
				B50000000000000000000001 /* FirstThenSchemaV1.swift */,
			);
			path = Persistence;
			sourceTree = "<group>";
		};
		A50000000000000000000005 /* Presentation */ = {
			isa = PBXGroup;
			children = (
				B50000000000000000000005 /* FirstThenBoardController.swift */,
				B50000000000000000000007 /* FirstThenBoardsView.swift */,
			);
			path = Presentation;
			sourceTree = "<group>";
		};
		A1000000000000000000000D /* VisualTimer */ = {
			isa = PBXGroup;
			children = (
				A1000000000000000000000E /* Domain */,
				A10000000000000000000019 /* Presentation */,
			);
			path = VisualTimer;
			sourceTree = "<group>";
		};
		A1000000000000000000000E /* Domain */ = {
			isa = PBXGroup;
			children = (
				B1000000000000000000000A /* VisualTimerClock.swift */,
				B1000000000000000000000B /* VisualTimerStateMachine.swift */,
			);
			path = Domain;
			sourceTree = "<group>";
		};
		A10000000000000000000019 /* Presentation */ = {
			isa = PBXGroup;
			children = (
				B1000000000000000000001E /* VisualTimerController.swift */,
				B10000000000000000000022 /* VisualTimerRuntimeCoordinator.swift */,
				B1000000000000000000001F /* VisualTimerView.swift */,
			);
			path = Presentation;
			sourceTree = "<group>";
		};
		A10000000000000000000008 /* Resources */ = {
			isa = PBXGroup;
			children = (
				B10000000000000000000004 /* Assets.xcassets */,
				B10000000000000000000005 /* Localizable.xcstrings */,
				B10000000000000000000006 /* PrivacyInfo.xcprivacy */,
			);
			path = Resources;
			sourceTree = "<group>";
		};
		A10000000000000000000012 /* Core */ = {
			isa = PBXGroup;
			children = (
				A10000000000000000000013 /* Accessibility */,
				A10000000000000000000014 /* DesignSystem */,
				A40000000000000000000001 /* Persistence */,
			);
			path = Core;
			sourceTree = "<group>";
		};
		A10000000000000000000013 /* Accessibility */ = {
			isa = PBXGroup;
			children = (
				B1000000000000000000001B /* OTAdultExitControl.swift */,
				B10000000000000000000012 /* OTAccessibilityPreferences.swift */,
			);
			path = Accessibility;
			sourceTree = "<group>";
		};
		A10000000000000000000014 /* DesignSystem */ = {
			isa = PBXGroup;
			children = (
				B10000000000000000000010 /* OTColor.swift */,
				B10000000000000000000011 /* OTInteractiveTarget.swift */,
				B1000000000000000000000E /* OTRadius.swift */,
				B1000000000000000000000D /* OTSpacing.swift */,
				B1000000000000000000000F /* OTTypography.swift */,
			);
			path = DesignSystem;
			sourceTree = "<group>";
		};
		A40000000000000000000001 /* Persistence */ = {
			isa = PBXGroup;
			children = (
				B40000000000000000000005 /* AppDataController.swift */,
				B40000000000000000000002 /* LocalStoreContainerLifecycle.swift */,
				B40000000000000000000001 /* LocalStoreFileSystem.swift */,
				B50000000000000000000002 /* OTToolkitSchemaMigrationPlan.swift */,
			);
			path = Persistence;
			sourceTree = "<group>";
		};
		A10000000000000000000009 /* OTToolkitTests */ = {
			isa = PBXGroup;
			children = (
				A1000000000000000000000A /* App */,
				A10000000000000000000015 /* Core */,
				A1000000000000000000000F /* Features */,
			);
			path = OTToolkitTests;
			sourceTree = "<group>";
		};
		A1000000000000000000000A /* App */ = {
			isa = PBXGroup;
			children = (
				B10000000000000000000007 /* AppLaunchOptionsTests.swift */,
				B1000000000000000000001C /* AppNavigationStateTests.swift */,
			);
			path = App;
			sourceTree = "<group>";
		};
		A1000000000000000000000F /* Features */ = {
			isa = PBXGroup;
			children = (
				A50000000000000000000003 /* FirstThen */,
				A10000000000000000000010 /* VisualTimer */,
			);
			path = Features;
			sourceTree = "<group>";
		};
		A50000000000000000000003 /* FirstThen */ = {
			isa = PBXGroup;
			children = (
				A50000000000000000000004 /* Persistence */,
				A50000000000000000000006 /* Presentation */,
			);
			path = FirstThen;
			sourceTree = "<group>";
		};
		A50000000000000000000004 /* Persistence */ = {
			isa = PBXGroup;
			children = (
				B50000000000000000000004 /* FirstThenBoardStoreTests.swift */,
			);
			path = Persistence;
			sourceTree = "<group>";
		};
		A50000000000000000000006 /* Presentation */ = {
			isa = PBXGroup;
			children = (
				B50000000000000000000006 /* FirstThenBoardControllerTests.swift */,
			);
			path = Presentation;
			sourceTree = "<group>";
		};
		A10000000000000000000010 /* VisualTimer */ = {
			isa = PBXGroup;
			children = (
				A10000000000000000000011 /* Domain */,
				A1000000000000000000001A /* Presentation */,
			);
			path = VisualTimer;
			sourceTree = "<group>";
		};
		A10000000000000000000011 /* Domain */ = {
			isa = PBXGroup;
			children = (
				B1000000000000000000000C /* VisualTimerStateMachineTests.swift */,
			);
			path = Domain;
			sourceTree = "<group>";
		};
		A1000000000000000000001A /* Presentation */ = {
			isa = PBXGroup;
			children = (
				B10000000000000000000020 /* VisualTimerControllerTests.swift */,
				B10000000000000000000023 /* VisualTimerRuntimeCoordinatorTests.swift */,
			);
			path = Presentation;
			sourceTree = "<group>";
		};
		A10000000000000000000015 /* Core */ = {
			isa = PBXGroup;
			children = (
				A10000000000000000000016 /* Accessibility */,
				A10000000000000000000017 /* DesignSystem */,
				A40000000000000000000002 /* Persistence */,
			);
			path = Core;
			sourceTree = "<group>";
		};
		A10000000000000000000016 /* Accessibility */ = {
			isa = PBXGroup;
			children = (
				B10000000000000000000015 /* AccessibilityPreferencesTests.swift */,
			);
			path = Accessibility;
			sourceTree = "<group>";
		};
		A10000000000000000000017 /* DesignSystem */ = {
			isa = PBXGroup;
			children = (
				B10000000000000000000013 /* DesignTokenTests.swift */,
				B10000000000000000000014 /* SemanticColorTests.swift */,
			);
			path = DesignSystem;
			sourceTree = "<group>";
		};
		A40000000000000000000002 /* Persistence */ = {
			isa = PBXGroup;
			children = (
				B40000000000000000000007 /* AppDataControllerTests.swift */,
				B40000000000000000000004 /* LocalStoreContainerLifecycleTests.swift */,
				B40000000000000000000003 /* LocalStoreFileSystemTests.swift */,
			);
			path = Persistence;
			sourceTree = "<group>";
		};
		A1000000000000000000000B /* OTToolkitUITests */ = {
			isa = PBXGroup;
			children = (
				A1000000000000000000000C /* CriticalFlows */,
				A10000000000000000000018 /* Support */,
			);
			path = OTToolkitUITests;
			sourceTree = "<group>";
		};
		A1000000000000000000000C /* CriticalFlows */ = {
			isa = PBXGroup;
			children = (
				B1000000000000000000001D /* AdaptiveNavigationUITests.swift */,
				B10000000000000000000008 /* AppLaunchUITests.swift */,
				B50000000000000000000008 /* FirstThenBoardUITests.swift */,
				B10000000000000000000021 /* VisualTimerUITests.swift */,
			);
			path = CriticalFlows;
			sourceTree = "<group>";
		};
		A10000000000000000000018 /* Support */ = {
			isa = PBXGroup;
			children = (
				B10000000000000000000016 /* AccessibilityTestSupport.swift */,
			);
			path = Support;
			sourceTree = "<group>";
		};
/* End PBXGroup section */

/* Begin PBXNativeTarget section */
		E10000000000000000000001 /* OTToolkit */ = {
			isa = PBXNativeTarget;
			buildConfigurationList = G10000000000000000000002 /* Build configuration list for PBXNativeTarget "OTToolkit" */;
			buildPhases = (
				D10000000000000000000001 /* Sources */,
				D10000000000000000000002 /* Frameworks */,
				D10000000000000000000003 /* Resources */,
			);
			buildRules = (
			);
			dependencies = (
			);
			name = OTToolkit;
			productName = OTToolkit;
			productReference = B20000000000000000000001 /* OTToolkit.app */;
			productType = "com.apple.product-type.application";
		};
		E10000000000000000000002 /* OTToolkitTests */ = {
			isa = PBXNativeTarget;
			buildConfigurationList = G10000000000000000000003 /* Build configuration list for PBXNativeTarget "OTToolkitTests" */;
			buildPhases = (
				D20000000000000000000001 /* Sources */,
				D20000000000000000000002 /* Frameworks */,
				D20000000000000000000003 /* Resources */,
			);
			buildRules = (
			);
			dependencies = (
				F20000000000000000000001 /* PBXTargetDependency */,
			);
			name = OTToolkitTests;
			productName = OTToolkitTests;
			productReference = B20000000000000000000002 /* OTToolkitTests.xctest */;
			productType = "com.apple.product-type.bundle.unit-test";
		};
		E10000000000000000000003 /* OTToolkitUITests */ = {
			isa = PBXNativeTarget;
			buildConfigurationList = G10000000000000000000004 /* Build configuration list for PBXNativeTarget "OTToolkitUITests" */;
			buildPhases = (
				D30000000000000000000001 /* Sources */,
				D30000000000000000000002 /* Frameworks */,
				D30000000000000000000003 /* Resources */,
			);
			buildRules = (
			);
			dependencies = (
				F20000000000000000000002 /* PBXTargetDependency */,
			);
			name = OTToolkitUITests;
			productName = OTToolkitUITests;
			productReference = B20000000000000000000003 /* OTToolkitUITests.xctest */;
			productType = "com.apple.product-type.bundle.ui-testing";
		};
/* End PBXNativeTarget section */

/* Begin PBXProject section */
		A10000000000000000000001 /* Project object */ = {
			isa = PBXProject;
			attributes = {
				BuildIndependentTargetsInParallel = 1;
				LastSwiftUpdateCheck = 1640;
				LastUpgradeCheck = 1640;
				TargetAttributes = {
					E10000000000000000000001 = {
						CreatedOnToolsVersion = 16.4;
					};
					E10000000000000000000002 = {
						CreatedOnToolsVersion = 16.4;
						TestTargetID = E10000000000000000000001;
					};
					E10000000000000000000003 = {
						CreatedOnToolsVersion = 16.4;
						TestTargetID = E10000000000000000000001;
					};
				};
			};
			buildConfigurationList = G10000000000000000000001 /* Build configuration list for PBXProject "OTToolkit" */;
			compatibilityVersion = "Xcode 14.0";
			developmentRegion = en;
			hasScannedForEncodings = 0;
			knownRegions = (
				en,
				Base,
			);
			mainGroup = A10000000000000000000002;
			productRefGroup = A10000000000000000000003 /* Products */;
			projectDirPath = "";
			projectRoot = "";
			targets = (
				E10000000000000000000001 /* OTToolkit */,
				E10000000000000000000002 /* OTToolkitTests */,
				E10000000000000000000003 /* OTToolkitUITests */,
			);
		};
/* End PBXProject section */

/* Begin PBXResourcesBuildPhase section */
		D10000000000000000000003 /* Resources */ = {
			isa = PBXResourcesBuildPhase;
			buildActionMask = 2147483647;
			files = (
				C10000000000000000000004 /* Assets.xcassets in Resources */,
				C10000000000000000000005 /* Localizable.xcstrings in Resources */,
				C10000000000000000000006 /* PrivacyInfo.xcprivacy in Resources */,
			);
			runOnlyForDeploymentPostprocessing = 0;
		};
		D20000000000000000000003 /* Resources */ = {
			isa = PBXResourcesBuildPhase;
			buildActionMask = 2147483647;
			files = (
			);
			runOnlyForDeploymentPostprocessing = 0;
		};
		D30000000000000000000003 /* Resources */ = {
			isa = PBXResourcesBuildPhase;
			buildActionMask = 2147483647;
			files = (
			);
			runOnlyForDeploymentPostprocessing = 0;
		};
/* End PBXResourcesBuildPhase section */

/* Begin PBXSourcesBuildPhase section */
		D10000000000000000000001 /* Sources */ = {
			isa = PBXSourcesBuildPhase;
			buildActionMask = 2147483647;
			files = (
				C10000000000000000000016 /* AppNavigation.swift in Sources */,
				C10000000000000000000017 /* AppShellView.swift in Sources */,
				C10000000000000000000001 /* OTToolkitApp.swift in Sources */,
				C10000000000000000000002 /* AppLaunchOptions.swift in Sources */,
				C10000000000000000000019 /* ChildFacingContainer.swift in Sources */,
				C40000000000000000000006 /* PersistenceRecoveryView.swift in Sources */,
				C10000000000000000000018 /* PrivacyCoverView.swift in Sources */,
				C10000000000000000000011 /* OTAccessibilityPreferences.swift in Sources */,
				C1000000000000000000001A /* OTAdultExitControl.swift in Sources */,
				C1000000000000000000000F /* OTColor.swift in Sources */,
				C10000000000000000000010 /* OTInteractiveTarget.swift in Sources */,
				C1000000000000000000000D /* OTRadius.swift in Sources */,
				C1000000000000000000000C /* OTSpacing.swift in Sources */,
				C1000000000000000000000E /* OTTypography.swift in Sources */,
				C40000000000000000000002 /* LocalStoreContainerLifecycle.swift in Sources */,
				C40000000000000000000005 /* AppDataController.swift in Sources */,
				C40000000000000000000001 /* LocalStoreFileSystem.swift in Sources */,
				C50000000000000000000002 /* OTToolkitSchemaMigrationPlan.swift in Sources */,
				C50000000000000000000003 /* FirstThenBoardStore.swift in Sources */,
				C50000000000000000000001 /* FirstThenSchemaV1.swift in Sources */,
				C50000000000000000000005 /* FirstThenBoardController.swift in Sources */,
				C50000000000000000000007 /* FirstThenBoardsView.swift in Sources */,
				C10000000000000000000003 /* HomeView.swift in Sources */,
				C10000000000000000000009 /* VisualTimerClock.swift in Sources */,
				C1000000000000000000000A /* VisualTimerStateMachine.swift in Sources */,
				C1000000000000000000001D /* VisualTimerController.swift in Sources */,
				C10000000000000000000021 /* VisualTimerRuntimeCoordinator.swift in Sources */,
				C1000000000000000000001E /* VisualTimerView.swift in Sources */,
			);
			runOnlyForDeploymentPostprocessing = 0;
		};
		D20000000000000000000001 /* Sources */ = {
			isa = PBXSourcesBuildPhase;
			buildActionMask = 2147483647;
			files = (
				C10000000000000000000007 /* AppLaunchOptionsTests.swift in Sources */,
				C1000000000000000000001B /* AppNavigationStateTests.swift in Sources */,
				C10000000000000000000014 /* AccessibilityPreferencesTests.swift in Sources */,
				C10000000000000000000012 /* DesignTokenTests.swift in Sources */,
				C10000000000000000000013 /* SemanticColorTests.swift in Sources */,
				C40000000000000000000004 /* LocalStoreContainerLifecycleTests.swift in Sources */,
				C40000000000000000000007 /* AppDataControllerTests.swift in Sources */,
				C40000000000000000000003 /* LocalStoreFileSystemTests.swift in Sources */,
				C50000000000000000000004 /* FirstThenBoardStoreTests.swift in Sources */,
				C50000000000000000000006 /* FirstThenBoardControllerTests.swift in Sources */,
				C1000000000000000000000B /* VisualTimerStateMachineTests.swift in Sources */,
				C1000000000000000000001F /* VisualTimerControllerTests.swift in Sources */,
				C10000000000000000000022 /* VisualTimerRuntimeCoordinatorTests.swift in Sources */,
			);
			runOnlyForDeploymentPostprocessing = 0;
		};
		D30000000000000000000001 /* Sources */ = {
			isa = PBXSourcesBuildPhase;
			buildActionMask = 2147483647;
			files = (
				C1000000000000000000001C /* AdaptiveNavigationUITests.swift in Sources */,
				C10000000000000000000008 /* AppLaunchUITests.swift in Sources */,
				C50000000000000000000008 /* FirstThenBoardUITests.swift in Sources */,
				C10000000000000000000015 /* AccessibilityTestSupport.swift in Sources */,
				C10000000000000000000020 /* VisualTimerUITests.swift in Sources */,
			);
			runOnlyForDeploymentPostprocessing = 0;
		};
/* End PBXSourcesBuildPhase section */

/* Begin PBXTargetDependency section */
		F20000000000000000000001 /* PBXTargetDependency */ = {
			isa = PBXTargetDependency;
			target = E10000000000000000000001 /* OTToolkit */;
			targetProxy = F10000000000000000000001 /* PBXContainerItemProxy */;
		};
		F20000000000000000000002 /* PBXTargetDependency */ = {
			isa = PBXTargetDependency;
			target = E10000000000000000000001 /* OTToolkit */;
			targetProxy = F10000000000000000000002 /* PBXContainerItemProxy */;
		};
/* End PBXTargetDependency section */

/* Begin XCBuildConfiguration section */
		H10000000000000000000001 /* Debug */ = {
			isa = XCBuildConfiguration;
			buildSettings = {
				ALWAYS_SEARCH_USER_PATHS = NO;
				CLANG_ANALYZER_NONNULL = YES;
				CLANG_ANALYZER_NUMBER_OBJECT_CONVERSION = YES_AGGRESSIVE;
				CLANG_CXX_LANGUAGE_STANDARD = "gnu++20";
				CLANG_ENABLE_MODULES = YES;
				CLANG_ENABLE_OBJC_ARC = YES;
				CLANG_ENABLE_OBJC_WEAK = YES;
				CLANG_WARN_BLOCK_CAPTURE_AUTORELEASING = YES;
				CLANG_WARN_BOOL_CONVERSION = YES;
				CLANG_WARN_COMMA = YES;
				CLANG_WARN_CONSTANT_CONVERSION = YES;
				CLANG_WARN_DEPRECATED_OBJC_IMPLEMENTATIONS = YES;
				CLANG_WARN_DIRECT_OBJC_ISA_USAGE = YES_ERROR;
				CLANG_WARN_DOCUMENTATION_COMMENTS = YES;
				CLANG_WARN_EMPTY_BODY = YES;
				CLANG_WARN_ENUM_CONVERSION = YES;
				CLANG_WARN_INFINITE_RECURSION = YES;
				CLANG_WARN_INT_CONVERSION = YES;
				CLANG_WARN_NON_LITERAL_NULL_CONVERSION = YES;
				CLANG_WARN_OBJC_IMPLICIT_RETAIN_SELF = YES;
				CLANG_WARN_OBJC_LITERAL_CONVERSION = YES;
				CLANG_WARN_OBJC_ROOT_CLASS = YES_ERROR;
				CLANG_WARN_QUOTED_INCLUDE_IN_FRAMEWORK_HEADER = YES;
				CLANG_WARN_RANGE_LOOP_ANALYSIS = YES;
				CLANG_WARN_STRICT_PROTOTYPES = YES;
				CLANG_WARN_SUSPICIOUS_MOVE = YES;
				CLANG_WARN_UNGUARDED_AVAILABILITY = YES_AGGRESSIVE;
				CLANG_WARN_UNREACHABLE_CODE = YES;
				CLANG_WARN__DUPLICATE_METHOD_MATCH = YES;
				COPY_PHASE_STRIP = NO;
				DEBUG_INFORMATION_FORMAT = dwarf;
				ENABLE_STRICT_OBJC_MSGSEND = YES;
				ENABLE_TESTABILITY = YES;
				ENABLE_USER_SCRIPT_SANDBOXING = YES;
				GCC_C_LANGUAGE_STANDARD = gnu17;
				GCC_DYNAMIC_NO_PIC = NO;
				GCC_NO_COMMON_BLOCKS = YES;
				GCC_OPTIMIZATION_LEVEL = 0;
				GCC_PREPROCESSOR_DEFINITIONS = (
					"DEBUG=1",
					"$(inherited)",
				);
				GCC_TREAT_WARNINGS_AS_ERRORS = YES;
				GCC_WARN_64_TO_32_BIT_CONVERSION = YES;
				GCC_WARN_ABOUT_RETURN_TYPE = YES_ERROR;
				GCC_WARN_UNDECLARED_SELECTOR = YES;
				GCC_WARN_UNINITIALIZED_AUTOS = YES_AGGRESSIVE;
				GCC_WARN_UNUSED_FUNCTION = YES;
				GCC_WARN_UNUSED_VARIABLE = YES;
				IPHONEOS_DEPLOYMENT_TARGET = 18.0;
				LOCALIZATION_PREFERS_STRING_CATALOGS = YES;
				LM_SKIP_METADATA_EXTRACTION = YES;
				MTL_ENABLE_DEBUG_INFO = INCLUDE_SOURCE;
				MTL_FAST_MATH = YES;
				ONLY_ACTIVE_ARCH = YES;
				SDKROOT = iphoneos;
				SWIFT_ACTIVE_COMPILATION_CONDITIONS = "DEBUG $(inherited)";
				SWIFT_OPTIMIZATION_LEVEL = "-Onone";
				SWIFT_TREAT_WARNINGS_AS_ERRORS = YES;
			};
			name = Debug;
		};
		H10000000000000000000002 /* Release */ = {
			isa = XCBuildConfiguration;
			buildSettings = {
				ALWAYS_SEARCH_USER_PATHS = NO;
				CLANG_ANALYZER_NONNULL = YES;
				CLANG_ANALYZER_NUMBER_OBJECT_CONVERSION = YES_AGGRESSIVE;
				CLANG_CXX_LANGUAGE_STANDARD = "gnu++20";
				CLANG_ENABLE_MODULES = YES;
				CLANG_ENABLE_OBJC_ARC = YES;
				CLANG_ENABLE_OBJC_WEAK = YES;
				CLANG_WARN_BLOCK_CAPTURE_AUTORELEASING = YES;
				CLANG_WARN_BOOL_CONVERSION = YES;
				CLANG_WARN_COMMA = YES;
				CLANG_WARN_CONSTANT_CONVERSION = YES;
				CLANG_WARN_DEPRECATED_OBJC_IMPLEMENTATIONS = YES;
				CLANG_WARN_DIRECT_OBJC_ISA_USAGE = YES_ERROR;
				CLANG_WARN_DOCUMENTATION_COMMENTS = YES;
				CLANG_WARN_EMPTY_BODY = YES;
				CLANG_WARN_ENUM_CONVERSION = YES;
				CLANG_WARN_INFINITE_RECURSION = YES;
				CLANG_WARN_INT_CONVERSION = YES;
				CLANG_WARN_NON_LITERAL_NULL_CONVERSION = YES;
				CLANG_WARN_OBJC_IMPLICIT_RETAIN_SELF = YES;
				CLANG_WARN_OBJC_LITERAL_CONVERSION = YES;
				CLANG_WARN_OBJC_ROOT_CLASS = YES_ERROR;
				CLANG_WARN_QUOTED_INCLUDE_IN_FRAMEWORK_HEADER = YES;
				CLANG_WARN_RANGE_LOOP_ANALYSIS = YES;
				CLANG_WARN_STRICT_PROTOTYPES = YES;
				CLANG_WARN_SUSPICIOUS_MOVE = YES;
				CLANG_WARN_UNGUARDED_AVAILABILITY = YES_AGGRESSIVE;
				CLANG_WARN_UNREACHABLE_CODE = YES;
				CLANG_WARN__DUPLICATE_METHOD_MATCH = YES;
				COPY_PHASE_STRIP = NO;
				DEBUG_INFORMATION_FORMAT = "dwarf-with-dsym";
				ENABLE_NS_ASSERTIONS = NO;
				ENABLE_STRICT_OBJC_MSGSEND = YES;
				ENABLE_USER_SCRIPT_SANDBOXING = YES;
				GCC_C_LANGUAGE_STANDARD = gnu17;
				GCC_NO_COMMON_BLOCKS = YES;
				GCC_TREAT_WARNINGS_AS_ERRORS = YES;
				GCC_WARN_64_TO_32_BIT_CONVERSION = YES;
				GCC_WARN_ABOUT_RETURN_TYPE = YES_ERROR;
				GCC_WARN_UNDECLARED_SELECTOR = YES;
				GCC_WARN_UNINITIALIZED_AUTOS = YES_AGGRESSIVE;
				GCC_WARN_UNUSED_FUNCTION = YES;
				GCC_WARN_UNUSED_VARIABLE = YES;
				IPHONEOS_DEPLOYMENT_TARGET = 18.0;
				LOCALIZATION_PREFERS_STRING_CATALOGS = YES;
				LM_SKIP_METADATA_EXTRACTION = YES;
				MTL_ENABLE_DEBUG_INFO = NO;
				MTL_FAST_MATH = YES;
				SDKROOT = iphoneos;
				SWIFT_COMPILATION_MODE = wholemodule;
				SWIFT_TREAT_WARNINGS_AS_ERRORS = YES;
				VALIDATE_PRODUCT = YES;
			};
			name = Release;
		};
		H20000000000000000000001 /* Debug */ = {
			isa = XCBuildConfiguration;
			buildSettings = {
				CODE_SIGN_STYLE = Automatic;
				CURRENT_PROJECT_VERSION = 1;
				ENABLE_PREVIEWS = YES;
				GENERATE_INFOPLIST_FILE = YES;
				INFOPLIST_KEY_CFBundleDisplayName = "OT Toolkit";
				INFOPLIST_KEY_UIApplicationSceneManifest_Generation = YES;
				INFOPLIST_KEY_UIApplicationSupportsIndirectInputEvents = YES;
				INFOPLIST_KEY_UILaunchScreen_Generation = YES;
				INFOPLIST_KEY_UISupportedInterfaceOrientations_iPad = "UIInterfaceOrientationPortrait UIInterfaceOrientationPortraitUpsideDown UIInterfaceOrientationLandscapeLeft UIInterfaceOrientationLandscapeRight";
				INFOPLIST_KEY_UISupportedInterfaceOrientations_iPhone = "UIInterfaceOrientationPortrait UIInterfaceOrientationLandscapeLeft UIInterfaceOrientationLandscapeRight";
				IPHONEOS_DEPLOYMENT_TARGET = 18.0;
				LD_RUNPATH_SEARCH_PATHS = (
					"$(inherited)",
					"@executable_path/Frameworks",
				);
				MARKETING_VERSION = 1.0;
				PRODUCT_BUNDLE_IDENTIFIER = com.trofaleksey.ottoolkit;
				PRODUCT_NAME = "$(TARGET_NAME)";
				SUPPORTED_PLATFORMS = "iphoneos iphonesimulator";
				SUPPORTS_MAC_DESIGNED_FOR_IPHONE_IPAD = NO;
				SUPPORTS_XR_DESIGNED_FOR_IPHONE_IPAD = NO;
				SWIFT_EMIT_LOC_STRINGS = YES;
				SWIFT_STRICT_CONCURRENCY = complete;
				SWIFT_VERSION = 6.0;
				TARGETED_DEVICE_FAMILY = "1,2";
			};
			name = Debug;
		};
		H20000000000000000000002 /* Release */ = {
			isa = XCBuildConfiguration;
			buildSettings = {
				CODE_SIGN_STYLE = Automatic;
				CURRENT_PROJECT_VERSION = 1;
				ENABLE_PREVIEWS = YES;
				GENERATE_INFOPLIST_FILE = YES;
				INFOPLIST_KEY_CFBundleDisplayName = "OT Toolkit";
				INFOPLIST_KEY_UIApplicationSceneManifest_Generation = YES;
				INFOPLIST_KEY_UIApplicationSupportsIndirectInputEvents = YES;
				INFOPLIST_KEY_UILaunchScreen_Generation = YES;
				INFOPLIST_KEY_UISupportedInterfaceOrientations_iPad = "UIInterfaceOrientationPortrait UIInterfaceOrientationPortraitUpsideDown UIInterfaceOrientationLandscapeLeft UIInterfaceOrientationLandscapeRight";
				INFOPLIST_KEY_UISupportedInterfaceOrientations_iPhone = "UIInterfaceOrientationPortrait UIInterfaceOrientationLandscapeLeft UIInterfaceOrientationLandscapeRight";
				IPHONEOS_DEPLOYMENT_TARGET = 18.0;
				LD_RUNPATH_SEARCH_PATHS = (
					"$(inherited)",
					"@executable_path/Frameworks",
				);
				MARKETING_VERSION = 1.0;
				PRODUCT_BUNDLE_IDENTIFIER = com.trofaleksey.ottoolkit;
				PRODUCT_NAME = "$(TARGET_NAME)";
				SUPPORTED_PLATFORMS = "iphoneos iphonesimulator";
				SUPPORTS_MAC_DESIGNED_FOR_IPHONE_IPAD = NO;
				SUPPORTS_XR_DESIGNED_FOR_IPHONE_IPAD = NO;
				SWIFT_EMIT_LOC_STRINGS = YES;
				SWIFT_STRICT_CONCURRENCY = complete;
				SWIFT_VERSION = 6.0;
				TARGETED_DEVICE_FAMILY = "1,2";
			};
			name = Release;
		};
		H30000000000000000000001 /* Debug */ = {
			isa = XCBuildConfiguration;
			buildSettings = {
				BUNDLE_LOADER = "$(TEST_HOST)";
				CODE_SIGN_STYLE = Automatic;
				CURRENT_PROJECT_VERSION = 1;
				GENERATE_INFOPLIST_FILE = YES;
				IPHONEOS_DEPLOYMENT_TARGET = 18.0;
				LD_RUNPATH_SEARCH_PATHS = (
					"$(inherited)",
					"@executable_path/Frameworks",
					"@loader_path/Frameworks",
				);
				MARKETING_VERSION = 1.0;
				PRODUCT_BUNDLE_IDENTIFIER = com.trofaleksey.ottoolkit.tests;
				PRODUCT_NAME = "$(TARGET_NAME)";
				SUPPORTED_PLATFORMS = "iphoneos iphonesimulator";
				SUPPORTS_MAC_DESIGNED_FOR_IPHONE_IPAD = NO;
				SUPPORTS_XR_DESIGNED_FOR_IPHONE_IPAD = NO;
				SWIFT_STRICT_CONCURRENCY = complete;
				SWIFT_VERSION = 6.0;
				TARGETED_DEVICE_FAMILY = "1,2";
				TEST_HOST = "$(BUILT_PRODUCTS_DIR)/OTToolkit.app/$(BUNDLE_EXECUTABLE_FOLDER_PATH)/OTToolkit";
			};
			name = Debug;
		};
		H30000000000000000000002 /* Release */ = {
			isa = XCBuildConfiguration;
			buildSettings = {
				BUNDLE_LOADER = "$(TEST_HOST)";
				CODE_SIGN_STYLE = Automatic;
				CURRENT_PROJECT_VERSION = 1;
				GENERATE_INFOPLIST_FILE = YES;
				IPHONEOS_DEPLOYMENT_TARGET = 18.0;
				LD_RUNPATH_SEARCH_PATHS = (
					"$(inherited)",
					"@executable_path/Frameworks",
					"@loader_path/Frameworks",
				);
				MARKETING_VERSION = 1.0;
				PRODUCT_BUNDLE_IDENTIFIER = com.trofaleksey.ottoolkit.tests;
				PRODUCT_NAME = "$(TARGET_NAME)";
				SUPPORTED_PLATFORMS = "iphoneos iphonesimulator";
				SUPPORTS_MAC_DESIGNED_FOR_IPHONE_IPAD = NO;
				SUPPORTS_XR_DESIGNED_FOR_IPHONE_IPAD = NO;
				SWIFT_STRICT_CONCURRENCY = complete;
				SWIFT_VERSION = 6.0;
				TARGETED_DEVICE_FAMILY = "1,2";
				TEST_HOST = "$(BUILT_PRODUCTS_DIR)/OTToolkit.app/$(BUNDLE_EXECUTABLE_FOLDER_PATH)/OTToolkit";
			};
			name = Release;
		};
		H40000000000000000000001 /* Debug */ = {
			isa = XCBuildConfiguration;
			buildSettings = {
				CODE_SIGN_STYLE = Automatic;
				CURRENT_PROJECT_VERSION = 1;
				GENERATE_INFOPLIST_FILE = YES;
				IPHONEOS_DEPLOYMENT_TARGET = 18.0;
				LD_RUNPATH_SEARCH_PATHS = (
					"$(inherited)",
					"@executable_path/Frameworks",
					"@loader_path/Frameworks",
				);
				MARKETING_VERSION = 1.0;
				PRODUCT_BUNDLE_IDENTIFIER = com.trofaleksey.ottoolkit.uitests;
				PRODUCT_NAME = "$(TARGET_NAME)";
				SUPPORTED_PLATFORMS = "iphoneos iphonesimulator";
				SUPPORTS_MAC_DESIGNED_FOR_IPHONE_IPAD = NO;
				SUPPORTS_XR_DESIGNED_FOR_IPHONE_IPAD = NO;
				SWIFT_STRICT_CONCURRENCY = complete;
				SWIFT_VERSION = 6.0;
				TARGETED_DEVICE_FAMILY = "1,2";
				TEST_TARGET_NAME = OTToolkit;
			};
			name = Debug;
		};
		H40000000000000000000002 /* Release */ = {
			isa = XCBuildConfiguration;
			buildSettings = {
				CODE_SIGN_STYLE = Automatic;
				CURRENT_PROJECT_VERSION = 1;
				GENERATE_INFOPLIST_FILE = YES;
				IPHONEOS_DEPLOYMENT_TARGET = 18.0;
				LD_RUNPATH_SEARCH_PATHS = (
					"$(inherited)",
					"@executable_path/Frameworks",
					"@loader_path/Frameworks",
				);
				MARKETING_VERSION = 1.0;
				PRODUCT_BUNDLE_IDENTIFIER = com.trofaleksey.ottoolkit.uitests;
				PRODUCT_NAME = "$(TARGET_NAME)";
				SUPPORTED_PLATFORMS = "iphoneos iphonesimulator";
				SUPPORTS_MAC_DESIGNED_FOR_IPHONE_IPAD = NO;
				SUPPORTS_XR_DESIGNED_FOR_IPHONE_IPAD = NO;
				SWIFT_STRICT_CONCURRENCY = complete;
				SWIFT_VERSION = 6.0;
				TARGETED_DEVICE_FAMILY = "1,2";
				TEST_TARGET_NAME = OTToolkit;
			};
			name = Release;
		};
/* End XCBuildConfiguration section */

/* Begin XCConfigurationList section */
		G10000000000000000000001 /* Build configuration list for PBXProject "OTToolkit" */ = {
			isa = XCConfigurationList;
			buildConfigurations = (
				H10000000000000000000001 /* Debug */,
				H10000000000000000000002 /* Release */,
			);
			defaultConfigurationIsVisible = 0;
			defaultConfigurationName = Release;
		};
		G10000000000000000000002 /* Build configuration list for PBXNativeTarget "OTToolkit" */ = {
			isa = XCConfigurationList;
			buildConfigurations = (
				H20000000000000000000001 /* Debug */,
				H20000000000000000000002 /* Release */,
			);
			defaultConfigurationIsVisible = 0;
			defaultConfigurationName = Release;
		};
		G10000000000000000000003 /* Build configuration list for PBXNativeTarget "OTToolkitTests" */ = {
			isa = XCConfigurationList;
			buildConfigurations = (
				H30000000000000000000001 /* Debug */,
				H30000000000000000000002 /* Release */,
			);
			defaultConfigurationIsVisible = 0;
			defaultConfigurationName = Release;
		};
		G10000000000000000000004 /* Build configuration list for PBXNativeTarget "OTToolkitUITests" */ = {
			isa = XCConfigurationList;
			buildConfigurations = (
				H40000000000000000000001 /* Debug */,
				H40000000000000000000002 /* Release */,
			);
			defaultConfigurationIsVisible = 0;
			defaultConfigurationName = Release;
		};
/* End XCConfigurationList section */
	};
	rootObject = A10000000000000000000001 /* Project object */;
}
